
Microsoft Visual Studio Solution File, Format Version 12.00
# Visual Studio Version 17
VisualStudioVersion = 17.0.32126.317
MinimumVisualStudioVersion = 10.0.40219.1
Project("{FAE04EC0-301F-11D3-BF4B-00C04F79EFBC}") = "reizpart2-3solutions", "reizpart2-3solutions\reizpart2-3solutions.csproj", "{271DA8AD-9B66-46A1-95DD-8B8AF5F52989}"
EndProject
Global
	GlobalSection(SolutionConfigurationPlatforms) = preSolution
		Debug|Any CPU = Debug|Any CPU
		Release|Any CPU = Release|Any CPU
	EndGlobalSection
	GlobalSection(ProjectConfigurationPlatforms) = postSolution
		{271DA8AD-9B66-46A1-95DD-8B8AF5F52989}.Debug|Any CPU.ActiveCfg = Debug|Any CPU
		{271DA8AD-9B66-46A1-95DD-8B8AF5F52989}.Debug|Any CPU.Build.0 = Debug|Any CPU
		{271DA8AD-9B66-46A1-95DD-8B8AF5F52989}.Release|Any CPU.ActiveCfg = Release|Any CPU
		{271DA8AD-9B66-46A1-95DD-8B8AF5F52989}.Release|Any CPU.Build.0 = Release|Any CPU
	EndGlobalSection
	GlobalSection(SolutionProperties) = preSolution
		HideSolutionNode = FALSE
	EndGlobalSection
	GlobalSection(ExtensibilityGlobals) = postSolution
		SolutionGuid = {D5417D90-7105-4828-BE5F-2746BC1EEE64}
	EndGlobalSection
EndGlobal
